
Microsoft Visual Studio Solution File, Format Version 12.00
# Visual Studio Version 16
VisualStudioVersion = 16.0.30204.135
MinimumVisualStudioVersion = 10.0.40219.1
Project("{FAE04EC0-301F-11D3-BF4B-00C04F79EFBC}") = "FFCC Memories", "FFCC Memories\FFCC Memories.csproj", "{DEF91CD9-C6D9-44AC-8756-2450BFB3EEC0}"
EndProject
Global
	GlobalSection(SolutionConfigurationPlatforms) = preSolution
		Debug|Any CPU = Debug|Any CPU
		Release|Any CPU = Release|Any CPU
	EndGlobalSection
	GlobalSection(ProjectConfigurationPlatforms) = postSolution
		{DEF91CD9-C6D9-44AC-8756-2450BFB3EEC0}.Debug|Any CPU.ActiveCfg = Debug|Any CPU
		{DEF91CD9-C6D9-44AC-8756-2450BFB3EEC0}.Debug|Any CPU.Build.0 = Debug|Any CPU
		{DEF91CD9-C6D9-44AC-8756-2450BFB3EEC0}.Release|Any CPU.ActiveCfg = Release|Any CPU
		{DEF91CD9-C6D9-44AC-8756-2450BFB3EEC0}.Release|Any CPU.Build.0 = Release|Any CPU
	EndGlobalSection
	GlobalSection(SolutionProperties) = preSolution
		HideSolutionNode = FALSE
	EndGlobalSection
	GlobalSection(ExtensibilityGlobals) = postSolution
		SolutionGuid = {107310E9-8D60-4587-9744-841A4840946A}
	EndGlobalSection
EndGlobal
